
Microsoft Visual Studio Solution File, Format Version 12.00
# Visual Studio Version 17
VisualStudioVersion = 17.2.32616.157
MinimumVisualStudioVersion = 10.0.40219.1
Project("{9A19103F-16F7-4668-BE54-9A1E7A4F7556}") = "GetDinner.Contracts", "GetDinner.Contracts\GetDinner.Contracts.csproj", "{70D95A74-0FD8-4946-A8B2-649EF4A2A437}"
EndProject
Project("{9A19103F-16F7-4668-BE54-9A1E7A4F7556}") = "GetDinners.Application", "GetDinners.Application\GetDinners.Application.csproj", "{D75828BC-8E9B-4540-98D2-9BD289AD6EF0}"
EndProject
Project("{9A19103F-16F7-4668-BE54-9A1E7A4F7556}") = "GetDinners.Infrastructure", "GetDinners.Infrastructure\GetDinners.Infrastructure.csproj", "{DA6FFD83-D298-4A4A-A9CA-C35FD1A2E9B2}"
EndProject
Project("{9A19103F-16F7-4668-BE54-9A1E7A4F7556}") = "GetDinners.Domain", "GetDinners.Domain\GetDinners.Domain.csproj", "{495BEB6B-07B2-461C-A830-ED8FCAADD9B9}"
EndProject
Project("{9A19103F-16F7-4668-BE54-9A1E7A4F7556}") = "GetDinners.Api", "GetDinners.Api\GetDinners.Api.csproj", "{18ED2E74-A230-4302-BD12-ADE2169211AA}"
EndProject
Project("{2150E333-8FDC-42A3-9474-1A3956D46DE8}") = "Docs", "Docs", "{D4E1B29A-B5AA-4EF9-B2E8-FB8BF84B20B8}"
	ProjectSection(SolutionItems) = preProject
		Api.md = Api.md
	EndProjectSection
EndProject
Project("{2150E333-8FDC-42A3-9474-1A3956D46DE8}") = "Requests", "Requests", "{C985B900-8F51-4B77-B134-FF0AC42F740A}"
EndProject
Project("{2150E333-8FDC-42A3-9474-1A3956D46DE8}") = "Authentication", "Authentication", "{A12E962D-15D8-417F-ADDD-CFC5F18E0731}"
	ProjectSection(SolutionItems) = preProject
		Login.http = Login.http
		Register.http = Register.http
	EndProjectSection
EndProject
Project("{2150E333-8FDC-42A3-9474-1A3956D46DE8}") = "Dinners", "Dinners", "{C0484699-C1AF-4DB2-865C-519E5A6C0ED9}"
	ProjectSection(SolutionItems) = preProject
		ListDinners.http = ListDinners.http
	EndProjectSection
EndProject
Project("{2150E333-8FDC-42A3-9474-1A3956D46DE8}") = "ModelsDomain", "ModelsDomain", "{5DD2FDF5-53CE-43B5-8ED6-33A1DFC93FD6}"
	ProjectSection(SolutionItems) = preProject
		..\..\..\Downloads\425ffc6b82e41610369e51e9d2827e4c-99f48a8927c2652c6c68aa89ac78d52f1ffdf3e2\425ffc6b82e41610369e51e9d2827e4c-99f48a8927c2652c6c68aa89ac78d52f1ffdf3e2\Aggregates.Bill.md = ..\..\..\Downloads\425ffc6b82e41610369e51e9d2827e4c-99f48a8927c2652c6c68aa89ac78d52f1ffdf3e2\425ffc6b82e41610369e51e9d2827e4c-99f48a8927c2652c6c68aa89ac78d52f1ffdf3e2\Aggregates.Bill.md
		..\..\..\Downloads\425ffc6b82e41610369e51e9d2827e4c-99f48a8927c2652c6c68aa89ac78d52f1ffdf3e2\425ffc6b82e41610369e51e9d2827e4c-99f48a8927c2652c6c68aa89ac78d52f1ffdf3e2\Aggregates.Dinner.md = ..\..\..\Downloads\425ffc6b82e41610369e51e9d2827e4c-99f48a8927c2652c6c68aa89ac78d52f1ffdf3e2\425ffc6b82e41610369e51e9d2827e4c-99f48a8927c2652c6c68aa89ac78d52f1ffdf3e2\Aggregates.Dinner.md
		..\..\..\Downloads\425ffc6b82e41610369e51e9d2827e4c-99f48a8927c2652c6c68aa89ac78d52f1ffdf3e2\425ffc6b82e41610369e51e9d2827e4c-99f48a8927c2652c6c68aa89ac78d52f1ffdf3e2\Aggregates.Guest.md = ..\..\..\Downloads\425ffc6b82e41610369e51e9d2827e4c-99f48a8927c2652c6c68aa89ac78d52f1ffdf3e2\425ffc6b82e41610369e51e9d2827e4c-99f48a8927c2652c6c68aa89ac78d52f1ffdf3e2\Aggregates.Guest.md
		..\..\..\Downloads\425ffc6b82e41610369e51e9d2827e4c-99f48a8927c2652c6c68aa89ac78d52f1ffdf3e2\425ffc6b82e41610369e51e9d2827e4c-99f48a8927c2652c6c68aa89ac78d52f1ffdf3e2\Aggregates.Host.md = ..\..\..\Downloads\425ffc6b82e41610369e51e9d2827e4c-99f48a8927c2652c6c68aa89ac78d52f1ffdf3e2\425ffc6b82e41610369e51e9d2827e4c-99f48a8927c2652c6c68aa89ac78d52f1ffdf3e2\Aggregates.Host.md
		..\..\..\Downloads\425ffc6b82e41610369e51e9d2827e4c-99f48a8927c2652c6c68aa89ac78d52f1ffdf3e2\425ffc6b82e41610369e51e9d2827e4c-99f48a8927c2652c6c68aa89ac78d52f1ffdf3e2\Aggregates.Menu.md = ..\..\..\Downloads\425ffc6b82e41610369e51e9d2827e4c-99f48a8927c2652c6c68aa89ac78d52f1ffdf3e2\425ffc6b82e41610369e51e9d2827e4c-99f48a8927c2652c6c68aa89ac78d52f1ffdf3e2\Aggregates.Menu.md
		..\..\..\Downloads\425ffc6b82e41610369e51e9d2827e4c-99f48a8927c2652c6c68aa89ac78d52f1ffdf3e2\425ffc6b82e41610369e51e9d2827e4c-99f48a8927c2652c6c68aa89ac78d52f1ffdf3e2\Aggregates.MenuReview.md = ..\..\..\Downloads\425ffc6b82e41610369e51e9d2827e4c-99f48a8927c2652c6c68aa89ac78d52f1ffdf3e2\425ffc6b82e41610369e51e9d2827e4c-99f48a8927c2652c6c68aa89ac78d52f1ffdf3e2\Aggregates.MenuReview.md
		..\..\..\Downloads\425ffc6b82e41610369e51e9d2827e4c-99f48a8927c2652c6c68aa89ac78d52f1ffdf3e2\425ffc6b82e41610369e51e9d2827e4c-99f48a8927c2652c6c68aa89ac78d52f1ffdf3e2\Aggregates.User.md = ..\..\..\Downloads\425ffc6b82e41610369e51e9d2827e4c-99f48a8927c2652c6c68aa89ac78d52f1ffdf3e2\425ffc6b82e41610369e51e9d2827e4c-99f48a8927c2652c6c68aa89ac78d52f1ffdf3e2\Aggregates.User.md
	EndProjectSection
EndProject
Project("{2150E333-8FDC-42A3-9474-1A3956D46DE8}") = "Menu", "Menu", "{FCF129DA-2959-4BEE-A5B3-160573D70BD4}"
	ProjectSection(SolutionItems) = preProject
		CreateMenuRequest.http = CreateMenuRequest.http
	EndProjectSection
EndProject
Global
	GlobalSection(SolutionConfigurationPlatforms) = preSolution
		Debug|Any CPU = Debug|Any CPU
		Release|Any CPU = Release|Any CPU
	EndGlobalSection
	GlobalSection(ProjectConfigurationPlatforms) = postSolution
		{70D95A74-0FD8-4946-A8B2-649EF4A2A437}.Debug|Any CPU.ActiveCfg = Debug|Any CPU
		{70D95A74-0FD8-4946-A8B2-649EF4A2A437}.Debug|Any CPU.Build.0 = Debug|Any CPU
		{70D95A74-0FD8-4946-A8B2-649EF4A2A437}.Release|Any CPU.ActiveCfg = Release|Any CPU
		{70D95A74-0FD8-4946-A8B2-649EF4A2A437}.Release|Any CPU.Build.0 = Release|Any CPU
		{D75828BC-8E9B-4540-98D2-9BD289AD6EF0}.Debug|Any CPU.ActiveCfg = Debug|Any CPU
		{D75828BC-8E9B-4540-98D2-9BD289AD6EF0}.Debug|Any CPU.Build.0 = Debug|Any CPU
		{D75828BC-8E9B-4540-98D2-9BD289AD6EF0}.Release|Any CPU.ActiveCfg = Release|Any CPU
		{D75828BC-8E9B-4540-98D2-9BD289AD6EF0}.Release|Any CPU.Build.0 = Release|Any CPU
		{DA6FFD83-D298-4A4A-A9CA-C35FD1A2E9B2}.Debug|Any CPU.ActiveCfg = Debug|Any CPU
		{DA6FFD83-D298-4A4A-A9CA-C35FD1A2E9B2}.Debug|Any CPU.Build.0 = Debug|Any CPU
		{DA6FFD83-D298-4A4A-A9CA-C35FD1A2E9B2}.Release|Any CPU.ActiveCfg = Release|Any CPU
		{DA6FFD83-D298-4A4A-A9CA-C35FD1A2E9B2}.Release|Any CPU.Build.0 = Release|Any CPU
		{495BEB6B-07B2-461C-A830-ED8FCAADD9B9}.Debug|Any CPU.ActiveCfg = Debug|Any CPU
		{495BEB6B-07B2-461C-A830-ED8FCAADD9B9}.Debug|Any CPU.Build.0 = Debug|Any CPU
		{495BEB6B-07B2-461C-A830-ED8FCAADD9B9}.Release|Any CPU.ActiveCfg = Release|Any CPU
		{495BEB6B-07B2-461C-A830-ED8FCAADD9B9}.Release|Any CPU.Build.0 = Release|Any CPU
		{18ED2E74-A230-4302-BD12-ADE2169211AA}.Debug|Any CPU.ActiveCfg = Debug|Any CPU
		{18ED2E74-A230-4302-BD12-ADE2169211AA}.Debug|Any CPU.Build.0 = Debug|Any CPU
		{18ED2E74-A230-4302-BD12-ADE2169211AA}.Release|Any CPU.ActiveCfg = Release|Any CPU
		{18ED2E74-A230-4302-BD12-ADE2169211AA}.Release|Any CPU.Build.0 = Release|Any CPU
	EndGlobalSection
	GlobalSection(SolutionProperties) = preSolution
		HideSolutionNode = FALSE
	EndGlobalSection
	GlobalSection(NestedProjects) = preSolution
		{A12E962D-15D8-417F-ADDD-CFC5F18E0731} = {C985B900-8F51-4B77-B134-FF0AC42F740A}
		{C0484699-C1AF-4DB2-865C-519E5A6C0ED9} = {C985B900-8F51-4B77-B134-FF0AC42F740A}
		{5DD2FDF5-53CE-43B5-8ED6-33A1DFC93FD6} = {D4E1B29A-B5AA-4EF9-B2E8-FB8BF84B20B8}
		{FCF129DA-2959-4BEE-A5B3-160573D70BD4} = {C985B900-8F51-4B77-B134-FF0AC42F740A}
	EndGlobalSection
	GlobalSection(ExtensibilityGlobals) = postSolution
		SolutionGuid = {D5B039DB-2BF9-497B-8EE3-800C498753F0}
	EndGlobalSection
EndGlobal
