
Microsoft Visual Studio Solution File, Format Version 12.00
# Visual Studio Version 17
VisualStudioVersion = 17.2.32616.157
MinimumVisualStudioVersion = 10.0.40219.1
Project("{2150E333-8FDC-42A3-9474-1A3956D46DE8}") = "Docs", "Docs", "{D4E1B29A-B5AA-4EF9-B2E8-FB8BF84B20B8}"
	ProjectSection(SolutionItems) = preProject
		Api.md = Api.md
	EndProjectSection
EndProject
Project("{2150E333-8FDC-42A3-9474-1A3956D46DE8}") = "Requests", "Requests", "{C985B900-8F51-4B77-B134-FF0AC42F740A}"
EndProject
Project("{2150E333-8FDC-42A3-9474-1A3956D46DE8}") = "Authentication", "Authentication", "{A12E962D-15D8-417F-ADDD-CFC5F18E0731}"
	ProjectSection(SolutionItems) = preProject
		Login.http = Login.http
		Register.http = Register.http
	EndProjectSection
EndProject
Project("{2150E333-8FDC-42A3-9474-1A3956D46DE8}") = "Dinners", "Dinners", "{C0484699-C1AF-4DB2-865C-519E5A6C0ED9}"
	ProjectSection(SolutionItems) = preProject
		ListDinners.http = ListDinners.http
	EndProjectSection
EndProject
Project("{2150E333-8FDC-42A3-9474-1A3956D46DE8}") = "ModelsDomain", "ModelsDomain", "{5DD2FDF5-53CE-43B5-8ED6-33A1DFC93FD6}"
	ProjectSection(SolutionItems) = preProject
		..\..\..\Downloads\425ffc6b82e41610369e51e9d2827e4c-99f48a8927c2652c6c68aa89ac78d52f1ffdf3e2\425ffc6b82e41610369e51e9d2827e4c-99f48a8927c2652c6c68aa89ac78d52f1ffdf3e2\Aggregates.Bill.md = ..\..\..\Downloads\425ffc6b82e41610369e51e9d2827e4c-99f48a8927c2652c6c68aa89ac78d52f1ffdf3e2\425ffc6b82e41610369e51e9d2827e4c-99f48a8927c2652c6c68aa89ac78d52f1ffdf3e2\Aggregates.Bill.md
		..\..\..\Downloads\425ffc6b82e41610369e51e9d2827e4c-99f48a8927c2652c6c68aa89ac78d52f1ffdf3e2\425ffc6b82e41610369e51e9d2827e4c-99f48a8927c2652c6c68aa89ac78d52f1ffdf3e2\Aggregates.Dinner.md = ..\..\..\Downloads\425ffc6b82e41610369e51e9d2827e4c-99f48a8927c2652c6c68aa89ac78d52f1ffdf3e2\425ffc6b82e41610369e51e9d2827e4c-99f48a8927c2652c6c68aa89ac78d52f1ffdf3e2\Aggregates.Dinner.md
		..\..\..\Downloads\425ffc6b82e41610369e51e9d2827e4c-99f48a8927c2652c6c68aa89ac78d52f1ffdf3e2\425ffc6b82e41610369e51e9d2827e4c-99f48a8927c2652c6c68aa89ac78d52f1ffdf3e2\Aggregates.Guest.md = ..\..\..\Downloads\425ffc6b82e41610369e51e9d2827e4c-99f48a8927c2652c6c68aa89ac78d52f1ffdf3e2\425ffc6b82e41610369e51e9d2827e4c-99f48a8927c2652c6c68aa89ac78d52f1ffdf3e2\Aggregates.Guest.md
		..\..\..\Downloads\425ffc6b82e41610369e51e9d2827e4c-99f48a8927c2652c6c68aa89ac78d52f1ffdf3e2\425ffc6b82e41610369e51e9d2827e4c-99f48a8927c2652c6c68aa89ac78d52f1ffdf3e2\Aggregates.Host.md = ..\..\..\Downloads\425ffc6b82e41610369e51e9d2827e4c-99f48a8927c2652c6c68aa89ac78d52f1ffdf3e2\425ffc6b82e41610369e51e9d2827e4c-99f48a8927c2652c6c68aa89ac78d52f1ffdf3e2\Aggregates.Host.md
		..\..\..\Downloads\425ffc6b82e41610369e51e9d2827e4c-99f48a8927c2652c6c68aa89ac78d52f1ffdf3e2\425ffc6b82e41610369e51e9d2827e4c-99f48a8927c2652c6c68aa89ac78d52f1ffdf3e2\Aggregates.Menu.md = ..\..\..\Downloads\425ffc6b82e41610369e51e9d2827e4c-99f48a8927c2652c6c68aa89ac78d52f1ffdf3e2\425ffc6b82e41610369e51e9d2827e4c-99f48a8927c2652c6c68aa89ac78d52f1ffdf3e2\Aggregates.Menu.md
		..\..\..\Downloads\425ffc6b82e41610369e51e9d2827e4c-99f48a8927c2652c6c68aa89ac78d52f1ffdf3e2\425ffc6b82e41610369e51e9d2827e4c-99f48a8927c2652c6c68aa89ac78d52f1ffdf3e2\Aggregates.MenuReview.md = ..\..\..\Downloads\425ffc6b82e41610369e51e9d2827e4c-99f48a8927c2652c6c68aa89ac78d52f1ffdf3e2\425ffc6b82e41610369e51e9d2827e4c-99f48a8927c2652c6c68aa89ac78d52f1ffdf3e2\Aggregates.MenuReview.md
		..\..\..\Downloads\425ffc6b82e41610369e51e9d2827e4c-99f48a8927c2652c6c68aa89ac78d52f1ffdf3e2\425ffc6b82e41610369e51e9d2827e4c-99f48a8927c2652c6c68aa89ac78d52f1ffdf3e2\Aggregates.User.md = ..\..\..\Downloads\425ffc6b82e41610369e51e9d2827e4c-99f48a8927c2652c6c68aa89ac78d52f1ffdf3e2\425ffc6b82e41610369e51e9d2827e4c-99f48a8927c2652c6c68aa89ac78d52f1ffdf3e2\Aggregates.User.md
	EndProjectSection
EndProject
Project("{2150E333-8FDC-42A3-9474-1A3956D46DE8}") = "Menu", "Menu", "{FCF129DA-2959-4BEE-A5B3-160573D70BD4}"
	ProjectSection(SolutionItems) = preProject
		CreateMenuRequest.http = CreateMenuRequest.http
	EndProjectSection
EndProject
Project("{2150E333-8FDC-42A3-9474-1A3956D46DE8}") = "src", "src", "{8CD1E407-9093-47CC-9CD7-C57A44D57FDF}"
EndProject
Project("{9A19103F-16F7-4668-BE54-9A1E7A4F7556}") = "GetDinners.Infrastructure", "src\GetDinners.Infrastructure\GetDinners.Infrastructure.csproj", "{04CD821A-8025-455A-8A2D-89D16B653950}"
EndProject
Project("{9A19103F-16F7-4668-BE54-9A1E7A4F7556}") = "GetDinners.Application", "src\GetDinners.Application\GetDinners.Application.csproj", "{11345AE5-3A7C-4273-84F8-1CCD0A7C7F0A}"
EndProject
Project("{9A19103F-16F7-4668-BE54-9A1E7A4F7556}") = "GetDinners.Domain", "src\GetDinners.Domain\GetDinners.Domain.csproj", "{003DAC12-90D9-4C5F-8E8A-FED6A9726B1B}"
EndProject
Project("{9A19103F-16F7-4668-BE54-9A1E7A4F7556}") = "GetDinner.Contracts", "src\GetDinner.Contracts\GetDinner.Contracts.csproj", "{6E2BD700-B550-4C8B-8130-656E4222DBD7}"
EndProject
Project("{9A19103F-16F7-4668-BE54-9A1E7A4F7556}") = "GetDinners.Api", "src\GetDinners.Api\GetDinners.Api.csproj", "{D58206B5-4AB3-4C9E-9542-F8C3F5523DF8}"
EndProject
Project("{2150E333-8FDC-42A3-9474-1A3956D46DE8}") = "tests", "tests", "{AE298D06-BE06-462D-A416-6484EB4E54E0}"
EndProject
Project("{2150E333-8FDC-42A3-9474-1A3956D46DE8}") = "AcceptanceTests", "AcceptanceTests", "{8D64CF28-23F5-4007-808A-F320582ADF76}"
EndProject
Project("{2150E333-8FDC-42A3-9474-1A3956D46DE8}") = "EndToEndTests", "EndToEndTests", "{AD81F3F2-B468-4EDF-87E2-3CBD67F29779}"
EndProject
Project("{2150E333-8FDC-42A3-9474-1A3956D46DE8}") = "FunctionalTests", "FunctionalTests", "{79AF1256-59C5-4B95-9B85-37A25E00D955}"
EndProject
Project("{2150E333-8FDC-42A3-9474-1A3956D46DE8}") = "IntegrationTests", "IntegrationTests", "{7F613C59-00BC-4831-AD18-F433C8AABC26}"
EndProject
Project("{2150E333-8FDC-42A3-9474-1A3956D46DE8}") = "UnitTests", "UnitTests", "{E81B822B-09BF-40A9-8D33-B70862C97772}"
EndProject
Project("{2150E333-8FDC-42A3-9474-1A3956D46DE8}") = "GitDinners.Api.UnitTests", "GitDinners.Api.UnitTests", "{E8BAC120-3EB3-46C0-A38D-CE28EE4ABDEF}"
EndProject
Project("{2150E333-8FDC-42A3-9474-1A3956D46DE8}") = "GitDinners.Domain.UnitTests", "GitDinners.Domain.UnitTests", "{080FC042-D80D-4121-BF8C-8D0E9B6BA2CC}"
EndProject
Project("{2150E333-8FDC-42A3-9474-1A3956D46DE8}") = "GitDinners.Infrastructure.UnitTests", "GitDinners.Infrastructure.UnitTests", "{26350E37-3477-48EF-AEFB-16E46456C005}"
EndProject
Project("{9A19103F-16F7-4668-BE54-9A1E7A4F7556}") = "GitDinners.Application.UnitTests", "tests\UnitTests\GitDinners.Application.UnitTests\GitDinners.Application.UnitTests.csproj", "{F5556905-173C-4101-BB81-AABCC0BA1AB5}"
EndProject
Project("{2150E333-8FDC-42A3-9474-1A3956D46DE8}") = "Éléments de solution", "Éléments de solution", "{A2015B6E-4F1B-4E03-92D8-D4E33A1D6A62}"
	ProjectSection(SolutionItems) = preProject
		Dockerfile = Dockerfile
	EndProjectSection
EndProject
Global
	GlobalSection(SolutionConfigurationPlatforms) = preSolution
		Debug|Any CPU = Debug|Any CPU
		Release|Any CPU = Release|Any CPU
	EndGlobalSection
	GlobalSection(ProjectConfigurationPlatforms) = postSolution
		{04CD821A-8025-455A-8A2D-89D16B653950}.Debug|Any CPU.ActiveCfg = Debug|Any CPU
		{04CD821A-8025-455A-8A2D-89D16B653950}.Debug|Any CPU.Build.0 = Debug|Any CPU
		{04CD821A-8025-455A-8A2D-89D16B653950}.Release|Any CPU.ActiveCfg = Release|Any CPU
		{04CD821A-8025-455A-8A2D-89D16B653950}.Release|Any CPU.Build.0 = Release|Any CPU
		{11345AE5-3A7C-4273-84F8-1CCD0A7C7F0A}.Debug|Any CPU.ActiveCfg = Debug|Any CPU
		{11345AE5-3A7C-4273-84F8-1CCD0A7C7F0A}.Debug|Any CPU.Build.0 = Debug|Any CPU
		{11345AE5-3A7C-4273-84F8-1CCD0A7C7F0A}.Release|Any CPU.ActiveCfg = Release|Any CPU
		{11345AE5-3A7C-4273-84F8-1CCD0A7C7F0A}.Release|Any CPU.Build.0 = Release|Any CPU
		{003DAC12-90D9-4C5F-8E8A-FED6A9726B1B}.Debug|Any CPU.ActiveCfg = Debug|Any CPU
		{003DAC12-90D9-4C5F-8E8A-FED6A9726B1B}.Debug|Any CPU.Build.0 = Debug|Any CPU
		{003DAC12-90D9-4C5F-8E8A-FED6A9726B1B}.Release|Any CPU.ActiveCfg = Release|Any CPU
		{003DAC12-90D9-4C5F-8E8A-FED6A9726B1B}.Release|Any CPU.Build.0 = Release|Any CPU
		{6E2BD700-B550-4C8B-8130-656E4222DBD7}.Debug|Any CPU.ActiveCfg = Debug|Any CPU
		{6E2BD700-B550-4C8B-8130-656E4222DBD7}.Debug|Any CPU.Build.0 = Debug|Any CPU
		{6E2BD700-B550-4C8B-8130-656E4222DBD7}.Release|Any CPU.ActiveCfg = Release|Any CPU
		{6E2BD700-B550-4C8B-8130-656E4222DBD7}.Release|Any CPU.Build.0 = Release|Any CPU
		{D58206B5-4AB3-4C9E-9542-F8C3F5523DF8}.Debug|Any CPU.ActiveCfg = Debug|Any CPU
		{D58206B5-4AB3-4C9E-9542-F8C3F5523DF8}.Debug|Any CPU.Build.0 = Debug|Any CPU
		{D58206B5-4AB3-4C9E-9542-F8C3F5523DF8}.Release|Any CPU.ActiveCfg = Release|Any CPU
		{D58206B5-4AB3-4C9E-9542-F8C3F5523DF8}.Release|Any CPU.Build.0 = Release|Any CPU
		{F5556905-173C-4101-BB81-AABCC0BA1AB5}.Debug|Any CPU.ActiveCfg = Debug|Any CPU
		{F5556905-173C-4101-BB81-AABCC0BA1AB5}.Debug|Any CPU.Build.0 = Debug|Any CPU
		{F5556905-173C-4101-BB81-AABCC0BA1AB5}.Release|Any CPU.ActiveCfg = Release|Any CPU
		{F5556905-173C-4101-BB81-AABCC0BA1AB5}.Release|Any CPU.Build.0 = Release|Any CPU
	EndGlobalSection
	GlobalSection(SolutionProperties) = preSolution
		HideSolutionNode = FALSE
	EndGlobalSection
	GlobalSection(NestedProjects) = preSolution
		{A12E962D-15D8-417F-ADDD-CFC5F18E0731} = {C985B900-8F51-4B77-B134-FF0AC42F740A}
		{C0484699-C1AF-4DB2-865C-519E5A6C0ED9} = {C985B900-8F51-4B77-B134-FF0AC42F740A}
		{5DD2FDF5-53CE-43B5-8ED6-33A1DFC93FD6} = {D4E1B29A-B5AA-4EF9-B2E8-FB8BF84B20B8}
		{FCF129DA-2959-4BEE-A5B3-160573D70BD4} = {C985B900-8F51-4B77-B134-FF0AC42F740A}
		{04CD821A-8025-455A-8A2D-89D16B653950} = {8CD1E407-9093-47CC-9CD7-C57A44D57FDF}
		{11345AE5-3A7C-4273-84F8-1CCD0A7C7F0A} = {8CD1E407-9093-47CC-9CD7-C57A44D57FDF}
		{003DAC12-90D9-4C5F-8E8A-FED6A9726B1B} = {8CD1E407-9093-47CC-9CD7-C57A44D57FDF}
		{6E2BD700-B550-4C8B-8130-656E4222DBD7} = {8CD1E407-9093-47CC-9CD7-C57A44D57FDF}
		{D58206B5-4AB3-4C9E-9542-F8C3F5523DF8} = {8CD1E407-9093-47CC-9CD7-C57A44D57FDF}
		{8D64CF28-23F5-4007-808A-F320582ADF76} = {AE298D06-BE06-462D-A416-6484EB4E54E0}
		{AD81F3F2-B468-4EDF-87E2-3CBD67F29779} = {AE298D06-BE06-462D-A416-6484EB4E54E0}
		{79AF1256-59C5-4B95-9B85-37A25E00D955} = {AE298D06-BE06-462D-A416-6484EB4E54E0}
		{7F613C59-00BC-4831-AD18-F433C8AABC26} = {AE298D06-BE06-462D-A416-6484EB4E54E0}
		{E81B822B-09BF-40A9-8D33-B70862C97772} = {AE298D06-BE06-462D-A416-6484EB4E54E0}
		{E8BAC120-3EB3-46C0-A38D-CE28EE4ABDEF} = {E81B822B-09BF-40A9-8D33-B70862C97772}
		{080FC042-D80D-4121-BF8C-8D0E9B6BA2CC} = {E81B822B-09BF-40A9-8D33-B70862C97772}
		{26350E37-3477-48EF-AEFB-16E46456C005} = {E81B822B-09BF-40A9-8D33-B70862C97772}
		{F5556905-173C-4101-BB81-AABCC0BA1AB5} = {E81B822B-09BF-40A9-8D33-B70862C97772}
	EndGlobalSection
	GlobalSection(ExtensibilityGlobals) = postSolution
		SolutionGuid = {D5B039DB-2BF9-497B-8EE3-800C498753F0}
	EndGlobalSection
EndGlobal
